// !$*UTF8*$!
{
	archiveVersion = 1;
	classes = {
	};
	objectVersion = 55;
	objects = {

/* Begin PBXBuildFile section */
		DBB288F32855772500DF1F51 /* authorsPhrasesApp.swift in Sources */ = {isa = PBXBuildFile; fileRef = DBB288F22855772500DF1F51 /* authorsPhrasesApp.swift */; };
		DBB288F52855772500DF1F51 /* ContentView.swift in Sources */ = {isa = PBXBuildFile; fileRef = DBB288F42855772500DF1F51 /* ContentView.swift */; };
		DBB288F72855772A00DF1F51 /* Assets.xcassets in Resources */ = {isa = PBXBuildFile; fileRef = DBB288F62855772A00DF1F51 /* Assets.xcassets */; };
		DBB288FA2855772A00DF1F51 /* Preview Assets.xcassets in Resources */ = {isa = PBXBuildFile; fileRef = DBB288F92855772A00DF1F51 /* Preview Assets.xcassets */; };
		DBB289042855772B00DF1F51 /* authorsPhrasesTests.swift in Sources */ = {isa = PBXBuildFile; fileRef = DBB289032855772B00DF1F51 /* authorsPhrasesTests.swift */; };
		DBB2890E2855772B00DF1F51 /* authorsPhrasesUITests.swift in Sources */ = {isa = PBXBuildFile; fileRef = DBB2890D2855772B00DF1F51 /* authorsPhrasesUITests.swift */; };
		DBB289102855772B00DF1F51 /* authorsPhrasesUITestsLaunchTests.swift in Sources */ = {isa = PBXBuildFile; fileRef = DBB2890F2855772B00DF1F51 /* authorsPhrasesUITestsLaunchTests.swift */; };
/* End PBXBuildFile section */

/* Begin PBXContainerItemProxy section */
		DBB289002855772B00DF1F51 /* PBXContainerItemProxy */ = {
			isa = PBXContainerItemProxy;
			containerPortal = DBB288E72855772500DF1F51 /* Project object */;
			proxyType = 1;
			remoteGlobalIDString = DBB288EE2855772500DF1F51;
			remoteInfo = authorsPhrases;
		};
		DBB2890A2855772B00DF1F51 /* PBXContainerItemProxy */ = {
			isa = PBXContainerItemProxy;
			containerPortal = DBB288E72855772500DF1F51 /* Project object */;
			proxyType = 1;
			remoteGlobalIDString = DBB288EE2855772500DF1F51;
			remoteInfo = authorsPhrases;
		};
/* End PBXContainerItemProxy section */

/* Begin PBXFileReference section */
		DBB288EF2855772500DF1F51 /* authorsPhrases.app */ = {isa = PBXFileReference; explicitFileType = wrapper.application; includeInIndex = 0; path = authorsPhrases.app; sourceTree = BUILT_PRODUCTS_DIR; };
		DBB288F22855772500DF1F51 /* authorsPhrasesApp.swift */ = {isa = PBXFileReference; lastKnownFileType = sourcecode.swift; path = authorsPhrasesApp.swift; sourceTree = "<group>"; };
		DBB288F42855772500DF1F51 /* ContentView.swift */ = {isa = PBXFileReference; lastKnownFileType = sourcecode.swift; path = ContentView.swift; sourceTree = "<group>"; };
		DBB288F62855772A00DF1F51 /* Assets.xcassets */ = {isa = PBXFileReference; lastKnownFileType = folder.assetcatalog; path = Assets.xcassets; sourceTree = "<group>"; };
		DBB288F92855772A00DF1F51 /* Preview Assets.xcassets */ = {isa = PBXFileReference; lastKnownFileType = folder.assetcatalog; path = "Preview Assets.xcassets"; sourceTree = "<group>"; };
		DBB288FF2855772B00DF1F51 /* authorsPhrasesTests.xctest */ = {isa = PBXFileReference; explicitFileType = wrapper.cfbundle; includeInIndex = 0; path = authorsPhrasesTests.xctest; sourceTree = BUILT_PRODUCTS_DIR; };
		DBB289032855772B00DF1F51 /* authorsPhrasesTests.swift */ = {isa = PBXFileReference; lastKnownFileType = sourcecode.swift; path = authorsPhrasesTests.swift; sourceTree = "<group>"; };
		DBB289092855772B00DF1F51 /* authorsPhrasesUITests.xctest */ = {isa = PBXFileReference; explicitFileType = wrapper.cfbundle; includeInIndex = 0; path = authorsPhrasesUITests.xctest; sourceTree = BUILT_PRODUCTS_DIR; };
		DBB2890D2855772B00DF1F51 /* authorsPhrasesUITests.swift */ = {isa = PBXFileReference; lastKnownFileType = sourcecode.swift; path = authorsPhrasesUITests.swift; sourceTree = "<group>"; };
		DBB2890F2855772B00DF1F51 /* authorsPhrasesUITestsLaunchTests.swift */ = {isa = PBXFileReference; lastKnownFileType = sourcecode.swift; path = authorsPhrasesUITestsLaunchTests.swift; sourceTree = "<group>"; };
/* End PBXFileReference section */

/* Begin PBXFrameworksBuildPhase section */
		DBB288EC2855772500DF1F51 /* Frameworks */ = {
			isa = PBXFrameworksBuildPhase;
			buildActionMask = 2147483647;
			files = (
			);
			runOnlyForDeploymentPostprocessing = 0;
		};
		DBB288FC2855772B00DF1F51 /* Frameworks */ = {
			isa = PBXFrameworksBuildPhase;
			buildActionMask = 2147483647;
			files = (
			);
			runOnlyForDeploymentPostprocessing = 0;
		};
		DBB289062855772B00DF1F51 /* Frameworks */ = {
			isa = PBXFrameworksBuildPhase;
			buildActionMask = 2147483647;
			files = (
			);
			runOnlyForDeploymentPostprocessing = 0;
		};
/* End PBXFrameworksBuildPhase section */

/* Begin PBXGroup section */
		DBB288E62855772500DF1F51 = {
			isa = PBXGroup;
			children = (
				DBB288F12855772500DF1F51 /* authorsPhrases */,
				DBB289022855772B00DF1F51 /* authorsPhrasesTests */,
				DBB2890C2855772B00DF1F51 /* authorsPhrasesUITests */,
				DBB288F02855772500DF1F51 /* Products */,
			);
			sourceTree = "<group>";
		};
		DBB288F02855772500DF1F51 /* Products */ = {
			isa = PBXGroup;
			children = (
				DBB288EF2855772500DF1F51 /* authorsPhrases.app */,
				DBB288FF2855772B00DF1F51 /* authorsPhrasesTests.xctest */,
				DBB289092855772B00DF1F51 /* authorsPhrasesUITests.xctest */,
			);
			name = Products;
			sourceTree = "<group>";
		};
		DBB288F12855772500DF1F51 /* authorsPhrases */ = {
			isa = PBXGroup;
			children = (
				DBB288F22855772500DF1F51 /* authorsPhrasesApp.swift */,
				DBB288F42855772500DF1F51 /* ContentView.swift */,
				DBB288F62855772A00DF1F51 /* Assets.xcassets */,
				DBB288F82855772A00DF1F51 /* Preview Content */,
			);
			path = authorsPhrases;
			sourceTree = "<group>";
		};
		DBB288F82855772A00DF1F51 /* Preview Content */ = {
			isa = PBXGroup;
			children = (
				DBB288F92855772A00DF1F51 /* Preview Assets.xcassets */,
			);
			path = "Preview Content";
			sourceTree = "<group>";
		};
		DBB289022855772B00DF1F51 /* authorsPhrasesTests */ = {
			isa = PBXGroup;
			children = (
				DBB289032855772B00DF1F51 /* authorsPhrasesTests.swift */,
			);
			path = authorsPhrasesTests;
			sourceTree = "<group>";
		};
		DBB2890C2855772B00DF1F51 /* authorsPhrasesUITests */ = {
			isa = PBXGroup;
			children = (
				DBB2890D2855772B00DF1F51 /* authorsPhrasesUITests.swift */,
				DBB2890F2855772B00DF1F51 /* authorsPhrasesUITestsLaunchTests.swift */,
			);
			path = authorsPhrasesUITests;
			sourceTree = "<group>";
		};
/* End PBXGroup section */

/* Begin PBXNativeTarget section */
		DBB288EE2855772500DF1F51 /* authorsPhrases */ = {
			isa = PBXNativeTarget;
			buildConfigurationList = DBB289132855772B00DF1F51 /* Build configuration list for PBXNativeTarget "authorsPhrases" */;
			buildPhases = (
				DBB288EB2855772500DF1F51 /* Sources */,
				DBB288EC2855772500DF1F51 /* Frameworks */,
				DBB288ED2855772500DF1F51 /* Resources */,
			);
			buildRules = (
			);
			dependencies = (
			);
			name = authorsPhrases;
			productName = authorsPhrases;
			productReference = DBB288EF2855772500DF1F51 /* authorsPhrases.app */;
			productType = "com.apple.product-type.application";
		};
		DBB288FE2855772B00DF1F51 /* authorsPhrasesTests */ = {
			isa = PBXNativeTarget;
			buildConfigurationList = DBB289162855772B00DF1F51 /* Build configuration list for PBXNativeTarget "authorsPhrasesTests" */;
			buildPhases = (
				DBB288FB2855772B00DF1F51 /* Sources */,
				DBB288FC2855772B00DF1F51 /* Frameworks */,
				DBB288FD2855772B00DF1F51 /* Resources */,
			);
			buildRules = (
			);
			dependencies = (
				DBB289012855772B00DF1F51 /* PBXTargetDependency */,
			);
			name = authorsPhrasesTests;
			productName = authorsPhrasesTests;
			productReference = DBB288FF2855772B00DF1F51 /* authorsPhrasesTests.xctest */;
			productType = "com.apple.product-type.bundle.unit-test";
		};
		DBB289082855772B00DF1F51 /* authorsPhrasesUITests */ = {
			isa = PBXNativeTarget;
			buildConfigurationList = DBB289192855772B00DF1F51 /* Build configuration list for PBXNativeTarget "authorsPhrasesUITests" */;
			buildPhases = (
				DBB289052855772B00DF1F51 /* Sources */,
				DBB289062855772B00DF1F51 /* Frameworks */,
				DBB289072855772B00DF1F51 /* Resources */,
			);
			buildRules = (
			);
			dependencies = (
				DBB2890B2855772B00DF1F51 /* PBXTargetDependency */,
			);
			name = authorsPhrasesUITests;
			productName = authorsPhrasesUITests;
			productReference = DBB289092855772B00DF1F51 /* authorsPhrasesUITests.xctest */;
			productType = "com.apple.product-type.bundle.ui-testing";
		};
/* End PBXNativeTarget section */

/* Begin PBXProject section */
		DBB288E72855772500DF1F51 /* Project object */ = {
			isa = PBXProject;
			attributes = {
				BuildIndependentTargetsInParallel = 1;
				LastSwiftUpdateCheck = 1340;
				LastUpgradeCheck = 1340;
				TargetAttributes = {
					DBB288EE2855772500DF1F51 = {
						CreatedOnToolsVersion = 13.4.1;
					};
					DBB288FE2855772B00DF1F51 = {
						CreatedOnToolsVersion = 13.4.1;
						TestTargetID = DBB288EE2855772500DF1F51;
					};
					DBB289082855772B00DF1F51 = {
						CreatedOnToolsVersion = 13.4.1;
						TestTargetID = DBB288EE2855772500DF1F51;
					};
				};
			};
			buildConfigurationList = DBB288EA2855772500DF1F51 /* Build configuration list for PBXProject "authorsPhrases" */;
			compatibilityVersion = "Xcode 13.0";
			developmentRegion = en;
			hasScannedForEncodings = 0;
			knownRegions = (
				en,
				Base,
			);
			mainGroup = DBB288E62855772500DF1F51;
			productRefGroup = DBB288F02855772500DF1F51 /* Products */;
			projectDirPath = "";
			projectRoot = "";
			targets = (
				DBB288EE2855772500DF1F51 /* authorsPhrases */,
				DBB288FE2855772B00DF1F51 /* authorsPhrasesTests */,
				DBB289082855772B00DF1F51 /* authorsPhrasesUITests */,
			);
		};
/* End PBXProject section */

/* Begin PBXResourcesBuildPhase section */
		DBB288ED2855772500DF1F51 /* Resources */ = {
			isa = PBXResourcesBuildPhase;
			buildActionMask = 2147483647;
			files = (
				DBB288FA2855772A00DF1F51 /* Preview Assets.xcassets in Resources */,
				DBB288F72855772A00DF1F51 /* Assets.xcassets in Resources */,
			);
			runOnlyForDeploymentPostprocessing = 0;
		};
		DBB288FD2855772B00DF1F51 /* Resources */ = {
			isa = PBXResourcesBuildPhase;
			buildActionMask = 2147483647;
			files = (
			);
			runOnlyForDeploymentPostprocessing = 0;
		};
		DBB289072855772B00DF1F51 /* Resources */ = {
			isa = PBXResourcesBuildPhase;
			buildActionMask = 2147483647;
			files = (
			);
			runOnlyForDeploymentPostprocessing = 0;
		};
/* End PBXResourcesBuildPhase section */

/* Begin PBXSourcesBuildPhase section */
		DBB288EB2855772500DF1F51 /* Sources */ = {
			isa = PBXSourcesBuildPhase;
			buildActionMask = 2147483647;
			files = (
				DBB288F52855772500DF1F51 /* ContentView.swift in Sources */,
				DBB288F32855772500DF1F51 /* authorsPhrasesApp.swift in Sources */,
			);
			runOnlyForDeploymentPostprocessing = 0;
		};
		DBB288FB2855772B00DF1F51 /* Sources */ = {
			isa = PBXSourcesBuildPhase;
			buildActionMask = 2147483647;
			files = (
				DBB289042855772B00DF1F51 /* authorsPhrasesTests.swift in Sources */,
			);
			runOnlyForDeploymentPostprocessing = 0;
		};
		DBB289052855772B00DF1F51 /* Sources */ = {
			isa = PBXSourcesBuildPhase;
			buildActionMask = 2147483647;
			files = (
				DBB289102855772B00DF1F51 /* authorsPhrasesUITestsLaunchTests.swift in Sources */,
				DBB2890E2855772B00DF1F51 /* authorsPhrasesUITests.swift in Sources */,
			);
			runOnlyForDeploymentPostprocessing = 0;
		};
/* End PBXSourcesBuildPhase section */

/* Begin PBXTargetDependency section */
		DBB289012855772B00DF1F51 /* PBXTargetDependency */ = {
			isa = PBXTargetDependency;
			target = DBB288EE2855772500DF1F51 /* authorsPhrases */;
			targetProxy = DBB289002855772B00DF1F51 /* PBXContainerItemProxy */;
		};
		DBB2890B2855772B00DF1F51 /* PBXTargetDependency */ = {
			isa = PBXTargetDependency;
			target = DBB288EE2855772500DF1F51 /* authorsPhrases */;
			targetProxy = DBB2890A2855772B00DF1F51 /* PBXContainerItemProxy */;
		};
/* End PBXTargetDependency section */

/* Begin XCBuildConfiguration section */
		DBB289112855772B00DF1F51 /* Debug */ = {
			isa = XCBuildConfiguration;
			buildSettings = {
				ALWAYS_SEARCH_USER_PATHS = NO;
				CLANG_ANALYZER_NONNULL = YES;
				CLANG_ANALYZER_NUMBER_OBJECT_CONVERSION = YES_AGGRESSIVE;
				CLANG_CXX_LANGUAGE_STANDARD = "gnu++17";
				CLANG_ENABLE_MODULES = YES;
				CLANG_ENABLE_OBJC_ARC = YES;
				CLANG_ENABLE_OBJC_WEAK = YES;
				CLANG_WARN_BLOCK_CAPTURE_AUTORELEASING = YES;
				CLANG_WARN_BOOL_CONVERSION = YES;
				CLANG_WARN_COMMA = YES;
				CLANG_WARN_CONSTANT_CONVERSION = YES;
				CLANG_WARN_DEPRECATED_OBJC_IMPLEMENTATIONS = YES;
				CLANG_WARN_DIRECT_OBJC_ISA_USAGE = YES_ERROR;
				CLANG_WARN_DOCUMENTATION_COMMENTS = YES;
				CLANG_WARN_EMPTY_BODY = YES;
				CLANG_WARN_ENUM_CONVERSION = YES;
				CLANG_WARN_INFINITE_RECURSION = YES;
				CLANG_WARN_INT_CONVERSION = YES;
				CLANG_WARN_NON_LITERAL_NULL_CONVERSION = YES;
				CLANG_WARN_OBJC_IMPLICIT_RETAIN_SELF = YES;
				CLANG_WARN_OBJC_LITERAL_CONVERSION = YES;
				CLANG_WARN_OBJC_ROOT_CLASS = YES_ERROR;
				CLANG_WARN_QUOTED_INCLUDE_IN_FRAMEWORK_HEADER = YES;
				CLANG_WARN_RANGE_LOOP_ANALYSIS = YES;
				CLANG_WARN_STRICT_PROTOTYPES = YES;
				CLANG_WARN_SUSPICIOUS_MOVE = YES;
				CLANG_WARN_UNGUARDED_AVAILABILITY = YES_AGGRESSIVE;
				CLANG_WARN_UNREACHABLE_CODE = YES;
				CLANG_WARN__DUPLICATE_METHOD_MATCH = YES;
				COPY_PHASE_STRIP = NO;
				DEBUG_INFORMATION_FORMAT = dwarf;
				ENABLE_STRICT_OBJC_MSGSEND = YES;
				ENABLE_TESTABILITY = YES;
				GCC_C_LANGUAGE_STANDARD = gnu11;
				GCC_DYNAMIC_NO_PIC = NO;
				GCC_NO_COMMON_BLOCKS = YES;
				GCC_OPTIMIZATION_LEVEL = 0;
				GCC_PREPROCESSOR_DEFINITIONS = (
					"DEBUG=1",
					"$(inherited)",
				);
				GCC_WARN_64_TO_32_BIT_CONVERSION = YES;
				GCC_WARN_ABOUT_RETURN_TYPE = YES_ERROR;
				GCC_WARN_UNDECLARED_SELECTOR = YES;
				GCC_WARN_UNINITIALIZED_AUTOS = YES_AGGRESSIVE;
				GCC_WARN_UNUSED_FUNCTION = YES;
				GCC_WARN_UNUSED_VARIABLE = YES;
				IPHONEOS_DEPLOYMENT_TARGET = 15.5;
				MTL_ENABLE_DEBUG_INFO = INCLUDE_SOURCE;
				MTL_FAST_MATH = YES;
				ONLY_ACTIVE_ARCH = YES;
				SDKROOT = iphoneos;
				SWIFT_ACTIVE_COMPILATION_CONDITIONS = DEBUG;
				SWIFT_OPTIMIZATION_LEVEL = "-Onone";
			};
			name = Debug;
		};
		DBB289122855772B00DF1F51 /* Release */ = {
			isa = XCBuildConfiguration;
			buildSettings = {
				ALWAYS_SEARCH_USER_PATHS = NO;
				CLANG_ANALYZER_NONNULL = YES;
				CLANG_ANALYZER_NUMBER_OBJECT_CONVERSION = YES_AGGRESSIVE;
				CLANG_CXX_LANGUAGE_STANDARD = "gnu++17";
				CLANG_ENABLE_MODULES = YES;
				CLANG_ENABLE_OBJC_ARC = YES;
				CLANG_ENABLE_OBJC_WEAK = YES;
				CLANG_WARN_BLOCK_CAPTURE_AUTORELEASING = YES;
				CLANG_WARN_BOOL_CONVERSION = YES;
				CLANG_WARN_COMMA = YES;
				CLANG_WARN_CONSTANT_CONVERSION = YES;
				CLANG_WARN_DEPRECATED_OBJC_IMPLEMENTATIONS = YES;
				CLANG_WARN_DIRECT_OBJC_ISA_USAGE = YES_ERROR;
				CLANG_WARN_DOCUMENTATION_COMMENTS = YES;
				CLANG_WARN_EMPTY_BODY = YES;
				CLANG_WARN_ENUM_CONVERSION = YES;
				CLANG_WARN_INFINITE_RECURSION = YES;
				CLANG_WARN_INT_CONVERSION = YES;
				CLANG_WARN_NON_LITERAL_NULL_CONVERSION = YES;
				CLANG_WARN_OBJC_IMPLICIT_RETAIN_SELF = YES;
				CLANG_WARN_OBJC_LITERAL_CONVERSION = YES;
				CLANG_WARN_OBJC_ROOT_CLASS = YES_ERROR;
				CLANG_WARN_QUOTED_INCLUDE_IN_FRAMEWORK_HEADER = YES;
				CLANG_WARN_RANGE_LOOP_ANALYSIS = YES;
				CLANG_WARN_STRICT_PROTOTYPES = YES;
				CLANG_WARN_SUSPICIOUS_MOVE = YES;
				CLANG_WARN_UNGUARDED_AVAILABILITY = YES_AGGRESSIVE;
				CLANG_WARN_UNREACHABLE_CODE = YES;
				CLANG_WARN__DUPLICATE_METHOD_MATCH = YES;
				COPY_PHASE_STRIP = NO;
				DEBUG_INFORMATION_FORMAT = "dwarf-with-dsym";
				ENABLE_NS_ASSERTIONS = NO;
				ENABLE_STRICT_OBJC_MSGSEND = YES;
				GCC_C_LANGUAGE_STANDARD = gnu11;
				GCC_NO_COMMON_BLOCKS = YES;
				GCC_WARN_64_TO_32_BIT_CONVERSION = YES;
				GCC_WARN_ABOUT_RETURN_TYPE = YES_ERROR;
				GCC_WARN_UNDECLARED_SELECTOR = YES;
				GCC_WARN_UNINITIALIZED_AUTOS = YES_AGGRESSIVE;
				GCC_WARN_UNUSED_FUNCTION = YES;
				GCC_WARN_UNUSED_VARIABLE = YES;
				IPHONEOS_DEPLOYMENT_TARGET = 15.5;
				MTL_ENABLE_DEBUG_INFO = NO;
				MTL_FAST_MATH = YES;
				SDKROOT = iphoneos;
				SWIFT_COMPILATION_MODE = wholemodule;
				SWIFT_OPTIMIZATION_LEVEL = "-O";
				VALIDATE_PRODUCT = YES;
			};
			name = Release;
		};
		DBB289142855772B00DF1F51 /* Debug */ = {
			isa = XCBuildConfiguration;
			buildSettings = {
				ASSETCATALOG_COMPILER_APPICON_NAME = AppIcon;
				ASSETCATALOG_COMPILER_GLOBAL_ACCENT_COLOR_NAME = AccentColor;
				CODE_SIGN_STYLE = Automatic;
				CURRENT_PROJECT_VERSION = 1;
				DEVELOPMENT_ASSET_PATHS = "\"authorsPhrases/Preview Content\"";
				ENABLE_PREVIEWS = YES;
				GENERATE_INFOPLIST_FILE = YES;
				INFOPLIST_KEY_UIApplicationSceneManifest_Generation = YES;
				INFOPLIST_KEY_UIApplicationSupportsIndirectInputEvents = YES;
				INFOPLIST_KEY_UILaunchScreen_Generation = YES;
				INFOPLIST_KEY_UISupportedInterfaceOrientations_iPad = "UIInterfaceOrientationPortrait UIInterfaceOrientationPortraitUpsideDown UIInterfaceOrientationLandscapeLeft UIInterfaceOrientationLandscapeRight";
				INFOPLIST_KEY_UISupportedInterfaceOrientations_iPhone = "UIInterfaceOrientationPortrait UIInterfaceOrientationLandscapeLeft UIInterfaceOrientationLandscapeRight";
				LD_RUNPATH_SEARCH_PATHS = (
					"$(inherited)",
					"@executable_path/Frameworks",
				);
				MARKETING_VERSION = 1.0;
				PRODUCT_BUNDLE_IDENTIFIER = "juan-Castan-eda.authorsPhrases";
				PRODUCT_NAME = "$(TARGET_NAME)";
				SWIFT_EMIT_LOC_STRINGS = YES;
				SWIFT_VERSION = 5.0;
				TARGETED_DEVICE_FAMILY = "1,2";
			};
			name = Debug;
		};
		DBB289152855772B00DF1F51 /* Release */ = {
			isa = XCBuildConfiguration;
			buildSettings = {
				ASSETCATALOG_COMPILER_APPICON_NAME = AppIcon;
				ASSETCATALOG_COMPILER_GLOBAL_ACCENT_COLOR_NAME = AccentColor;
				CODE_SIGN_STYLE = Automatic;
				CURRENT_PROJECT_VERSION = 1;
				DEVELOPMENT_ASSET_PATHS = "\"authorsPhrases/Preview Content\"";
				ENABLE_PREVIEWS = YES;
				GENERATE_INFOPLIST_FILE = YES;
				INFOPLIST_KEY_UIApplicationSceneManifest_Generation = YES;
				INFOPLIST_KEY_UIApplicationSupportsIndirectInputEvents = YES;
				INFOPLIST_KEY_UILaunchScreen_Generation = YES;
				INFOPLIST_KEY_UISupportedInterfaceOrientations_iPad = "UIInterfaceOrientationPortrait UIInterfaceOrientationPortraitUpsideDown UIInterfaceOrientationLandscapeLeft UIInterfaceOrientationLandscapeRight";
				INFOPLIST_KEY_UISupportedInterfaceOrientations_iPhone = "UIInterfaceOrientationPortrait UIInterfaceOrientationLandscapeLeft UIInterfaceOrientationLandscapeRight";
				LD_RUNPATH_SEARCH_PATHS = (
					"$(inherited)",
					"@executable_path/Frameworks",
				);
				MARKETING_VERSION = 1.0;
				PRODUCT_BUNDLE_IDENTIFIER = "juan-Castan-eda.authorsPhrases";
				PRODUCT_NAME = "$(TARGET_NAME)";
				SWIFT_EMIT_LOC_STRINGS = YES;
				SWIFT_VERSION = 5.0;
				TARGETED_DEVICE_FAMILY = "1,2";
			};
			name = Release;
		};
		DBB289172855772B00DF1F51 /* Debug */ = {
			isa = XCBuildConfiguration;
			buildSettings = {
				ALWAYS_EMBED_SWIFT_STANDARD_LIBRARIES = YES;
				BUNDLE_LOADER = "$(TEST_HOST)";
				CODE_SIGN_STYLE = Automatic;
				CURRENT_PROJECT_VERSION = 1;
				GENERATE_INFOPLIST_FILE = YES;
				IPHONEOS_DEPLOYMENT_TARGET = 15.5;
				MARKETING_VERSION = 1.0;
				PRODUCT_BUNDLE_IDENTIFIER = "juan-Castan-eda.authorsPhrasesTests";
				PRODUCT_NAME = "$(TARGET_NAME)";
				SWIFT_EMIT_LOC_STRINGS = NO;
				SWIFT_VERSION = 5.0;
				TARGETED_DEVICE_FAMILY = "1,2";
				TEST_HOST = "$(BUILT_PRODUCTS_DIR)/authorsPhrases.app/authorsPhrases";
			};
			name = Debug;
		};
		DBB289182855772B00DF1F51 /* Release */ = {
			isa = XCBuildConfiguration;
			buildSettings = {
				ALWAYS_EMBED_SWIFT_STANDARD_LIBRARIES = YES;
				BUNDLE_LOADER = "$(TEST_HOST)";
				CODE_SIGN_STYLE = Automatic;
				CURRENT_PROJECT_VERSION = 1;
				GENERATE_INFOPLIST_FILE = YES;
				IPHONEOS_DEPLOYMENT_TARGET = 15.5;
				MARKETING_VERSION = 1.0;
				PRODUCT_BUNDLE_IDENTIFIER = "juan-Castan-eda.authorsPhrasesTests";
				PRODUCT_NAME = "$(TARGET_NAME)";
				SWIFT_EMIT_LOC_STRINGS = NO;
				SWIFT_VERSION = 5.0;
				TARGETED_DEVICE_FAMILY = "1,2";
				TEST_HOST = "$(BUILT_PRODUCTS_DIR)/authorsPhrases.app/authorsPhrases";
			};
			name = Release;
		};
		DBB2891A2855772B00DF1F51 /* Debug */ = {
			isa = XCBuildConfiguration;
			buildSettings = {
				ALWAYS_EMBED_SWIFT_STANDARD_LIBRARIES = YES;
				CODE_SIGN_STYLE = Automatic;
				CURRENT_PROJECT_VERSION = 1;
				GENERATE_INFOPLIST_FILE = YES;
				MARKETING_VERSION = 1.0;
				PRODUCT_BUNDLE_IDENTIFIER = "juan-Castan-eda.authorsPhrasesUITests";
				PRODUCT_NAME = "$(TARGET_NAME)";
				SWIFT_EMIT_LOC_STRINGS = NO;
				SWIFT_VERSION = 5.0;
				TARGETED_DEVICE_FAMILY = "1,2";
				TEST_TARGET_NAME = authorsPhrases;
			};
			name = Debug;
		};
		DBB2891B2855772B00DF1F51 /* Release */ = {
			isa = XCBuildConfiguration;
			buildSettings = {
				ALWAYS_EMBED_SWIFT_STANDARD_LIBRARIES = YES;
				CODE_SIGN_STYLE = Automatic;
				CURRENT_PROJECT_VERSION = 1;
				GENERATE_INFOPLIST_FILE = YES;
				MARKETING_VERSION = 1.0;
				PRODUCT_BUNDLE_IDENTIFIER = "juan-Castan-eda.authorsPhrasesUITests";
				PRODUCT_NAME = "$(TARGET_NAME)";
				SWIFT_EMIT_LOC_STRINGS = NO;
				SWIFT_VERSION = 5.0;
				TARGETED_DEVICE_FAMILY = "1,2";
				TEST_TARGET_NAME = authorsPhrases;
			};
			name = Release;
		};
/* End XCBuildConfiguration section */

/* Begin XCConfigurationList section */
		DBB288EA2855772500DF1F51 /* Build configuration list for PBXProject "authorsPhrases" */ = {
			isa = XCConfigurationList;
			buildConfigurations = (
				DBB289112855772B00DF1F51 /* Debug */,
				DBB289122855772B00DF1F51 /* Release */,
			);
			defaultConfigurationIsVisible = 0;
			defaultConfigurationName = Release;
		};
		DBB289132855772B00DF1F51 /* Build configuration list for PBXNativeTarget "authorsPhrases" */ = {
			isa = XCConfigurationList;
			buildConfigurations = (
				DBB289142855772B00DF1F51 /* Debug */,
				DBB289152855772B00DF1F51 /* Release */,
			);
			defaultConfigurationIsVisible = 0;
			defaultConfigurationName = Release;
		};
		DBB289162855772B00DF1F51 /* Build configuration list for PBXNativeTarget "authorsPhrasesTests" */ = {
			isa = XCConfigurationList;
			buildConfigurations = (
				DBB289172855772B00DF1F51 /* Debug */,
				DBB289182855772B00DF1F51 /* Release */,
			);
			defaultConfigurationIsVisible = 0;
			defaultConfigurationName = Release;
		};
		DBB289192855772B00DF1F51 /* Build configuration list for PBXNativeTarget "authorsPhrasesUITests" */ = {
			isa = XCConfigurationList;
			buildConfigurations = (
				DBB2891A2855772B00DF1F51 /* Debug */,
				DBB2891B2855772B00DF1F51 /* Release */,
			);
			defaultConfigurationIsVisible = 0;
			defaultConfigurationName = Release;
		};
/* End XCConfigurationList section */
	};
	rootObject = DBB288E72855772500DF1F51 /* Project object */;
}
